
Microsoft Visual Studio Solution File, Format Version 12.00
# Visual Studio Version 17
VisualStudioVersion = 17.11.35208.52
MinimumVisualStudioVersion = 10.0.40219.1
Project("{8BC9CEB8-8B4A-11D0-8D11-00A0C91BC942}") = "PasswordManagement", "PasswordManagement\PasswordManagement.vcxproj", "{30919CD0-2188-4BCD-89F0-C7F883EF7A45}"
EndProject
Project("{2150E333-8FDC-42A3-9474-1A3956D46DE8}") = "Solution Items", "Solution Items", "{D32CB964-61BD-405E-A3F5-65EE3C31846A}"
EndProject
Global
	GlobalSection(SolutionConfigurationPlatforms) = preSolution
		Debug|x64 = Debug|x64
		Debug|x86 = Debug|x86
		Release|x64 = Release|x64
		Release|x86 = Release|x86
	EndGlobalSection
	GlobalSection(ProjectConfigurationPlatforms) = postSolution
		{30919CD0-2188-4BCD-89F0-C7F883EF7A45}.Debug|x64.ActiveCfg = Debug|x64
		{30919CD0-2188-4BCD-89F0-C7F883EF7A45}.Debug|x64.Build.0 = Debug|x64
		{30919CD0-2188-4BCD-89F0-C7F883EF7A45}.Debug|x86.ActiveCfg = Debug|Win32
		{30919CD0-2188-4BCD-89F0-C7F883EF7A45}.Debug|x86.Build.0 = Debug|Win32
		{30919CD0-2188-4BCD-89F0-C7F883EF7A45}.Release|x64.ActiveCfg = Release|x64
		{30919CD0-2188-4BCD-89F0-C7F883EF7A45}.Release|x64.Build.0 = Release|x64
		{30919CD0-2188-4BCD-89F0-C7F883EF7A45}.Release|x86.ActiveCfg = Release|Win32
		{30919CD0-2188-4BCD-89F0-C7F883EF7A45}.Release|x86.Build.0 = Release|Win32
	EndGlobalSection
	GlobalSection(SolutionProperties) = preSolution
		HideSolutionNode = FALSE
	EndGlobalSection
	GlobalSection(ExtensibilityGlobals) = postSolution
		SolutionGuid = {539A4398-1D91-4936-A446-3BD72A14CDE7}
	EndGlobalSection
EndGlobal
